
Microsoft Visual Studio Solution File, Format Version 12.00
# Visual Studio Version 16
VisualStudioVersion = 16.0.30503.244
MinimumVisualStudioVersion = 10.0.40219.1
Project("{FAE04EC0-301F-11D3-BF4B-00C04F79EFBC}") = "MusicFormProject", "MusicFormProject\MusicFormProject.csproj", "{A29E2CE8-C086-4BD2-8525-7B1183D0C07D}"
EndProject
Global
	GlobalSection(SolutionConfigurationPlatforms) = preSolution
		Debug|Any CPU = Debug|Any CPU
		Release|Any CPU = Release|Any CPU
	EndGlobalSection
	GlobalSection(ProjectConfigurationPlatforms) = postSolution
		{A29E2CE8-C086-4BD2-8525-7B1183D0C07D}.Debug|Any CPU.ActiveCfg = Debug|Any CPU
		{A29E2CE8-C086-4BD2-8525-7B1183D0C07D}.Debug|Any CPU.Build.0 = Debug|Any CPU
		{A29E2CE8-C086-4BD2-8525-7B1183D0C07D}.Release|Any CPU.ActiveCfg = Release|Any CPU
		{A29E2CE8-C086-4BD2-8525-7B1183D0C07D}.Release|Any CPU.Build.0 = Release|Any CPU
	EndGlobalSection
	GlobalSection(SolutionProperties) = preSolution
		HideSolutionNode = FALSE
	EndGlobalSection
	GlobalSection(ExtensibilityGlobals) = postSolution
		SolutionGuid = {33B2A5B7-06BA-4DC7-B260-1F16F59ADFF9}
	EndGlobalSection
EndGlobal
